
Microsoft Visual Studio Solution File, Format Version 12.00
# Visual Studio Version 17
VisualStudioVersion = 17.5.002.0
MinimumVisualStudioVersion = 10.0.40219.1
Project("{2150E333-8FDC-42A3-9474-1A3956D46DE8}") = "CostStore", "CostStore", "{C6BE88A8-C1A3-47A1-969D-73400782AB67}"
EndProject
Project("{2150E333-8FDC-42A3-9474-1A3956D46DE8}") = "src", "src", "{42065D39-637F-47F7-A520-A79C7313F43D}"
EndProject
Project("{9A19103F-16F7-4668-BE54-9A1E7A4F7556}") = "CostStore", "CostStore\src\CostStore\CostStore.csproj", "{CE80A5C3-A8BF-4235-B879-79AFE2B1848F}"
EndProject
Project("{2150E333-8FDC-42A3-9474-1A3956D46DE8}") = "test", "test", "{AE2FEF24-75AF-40C0-8911-AC3DD9556392}"
EndProject
Project("{9A19103F-16F7-4668-BE54-9A1E7A4F7556}") = "CostStore.Tests", "CostStore\test\CostStore.Tests\CostStore.Tests.csproj", "{AA01D5AE-5A76-44F4-A55E-8703A803174A}"
EndProject
Global
	GlobalSection(SolutionConfigurationPlatforms) = preSolution
		Debug|Any CPU = Debug|Any CPU
		Release|Any CPU = Release|Any CPU
	EndGlobalSection
	GlobalSection(ProjectConfigurationPlatforms) = postSolution
		{CE80A5C3-A8BF-4235-B879-79AFE2B1848F}.Debug|Any CPU.ActiveCfg = Debug|Any CPU
		{CE80A5C3-A8BF-4235-B879-79AFE2B1848F}.Debug|Any CPU.Build.0 = Debug|Any CPU
		{CE80A5C3-A8BF-4235-B879-79AFE2B1848F}.Release|Any CPU.ActiveCfg = Release|Any CPU
		{CE80A5C3-A8BF-4235-B879-79AFE2B1848F}.Release|Any CPU.Build.0 = Release|Any CPU
		{AA01D5AE-5A76-44F4-A55E-8703A803174A}.Debug|Any CPU.ActiveCfg = Debug|Any CPU
		{AA01D5AE-5A76-44F4-A55E-8703A803174A}.Debug|Any CPU.Build.0 = Debug|Any CPU
		{AA01D5AE-5A76-44F4-A55E-8703A803174A}.Release|Any CPU.ActiveCfg = Release|Any CPU
		{AA01D5AE-5A76-44F4-A55E-8703A803174A}.Release|Any CPU.Build.0 = Release|Any CPU
	EndGlobalSection
	GlobalSection(SolutionProperties) = preSolution
		HideSolutionNode = FALSE
	EndGlobalSection
	GlobalSection(NestedProjects) = preSolution
		{42065D39-637F-47F7-A520-A79C7313F43D} = {C6BE88A8-C1A3-47A1-969D-73400782AB67}
		{CE80A5C3-A8BF-4235-B879-79AFE2B1848F} = {42065D39-637F-47F7-A520-A79C7313F43D}
		{AE2FEF24-75AF-40C0-8911-AC3DD9556392} = {C6BE88A8-C1A3-47A1-969D-73400782AB67}
		{AA01D5AE-5A76-44F4-A55E-8703A803174A} = {AE2FEF24-75AF-40C0-8911-AC3DD9556392}
	EndGlobalSection
	GlobalSection(ExtensibilityGlobals) = postSolution
		SolutionGuid = {CEB47722-A475-48AA-A07A-594D9DF39097}
	EndGlobalSection
EndGlobal
